Microsoft Visual Studio Solution File, Format Version 12.00
# Visual Studio Version 17
VisualStudioVersion = 17.5.2.0
MinimumVisualStudioVersion = 10.0.40219.1
Project("{2150E333-8FDC-42A3-9474-1A3956D46DE8}") = "server", "server", "{DAD03CFC-D5FA-AC94-41C7-9ABAB326F09E}"
EndProject
Project("{FAE04EC0-301F-11D3-BF4B-00C04F79EFBC}") = "CcnaBlog.Api", "server\CcnaBlog.Api\CcnaBlog.Api.csproj", "{EC53C989-B965-B765-B7C5-3CD8C40B637A}"
EndProject
Global
	GlobalSection(SolutionConfigurationPlatforms) = preSolution
		Debug|Any CPU = Debug|Any CPU
		Release|Any CPU = Release|Any CPU
	EndGlobalSection
	GlobalSection(ProjectConfigurationPlatforms) = postSolution
		{EC53C989-B965-B765-B7C5-3CD8C40B637A}.Debug|Any CPU.ActiveCfg = Debug|Any CPU
		{EC53C989-B965-B765-B7C5-3CD8C40B637A}.Debug|Any CPU.Build.0 = Debug|Any CPU
		{EC53C989-B965-B765-B7C5-3CD8C40B637A}.Release|Any CPU.ActiveCfg = Release|Any CPU
		{EC53C989-B965-B765-B7C5-3CD8C40B637A}.Release|Any CPU.Build.0 = Release|Any CPU
	EndGlobalSection
	GlobalSection(SolutionProperties) = preSolution
		HideSolutionNode = FALSE
	EndGlobalSection
	GlobalSection(NestedProjects) = preSolution
		{EC53C989-B965-B765-B7C5-3CD8C40B637A} = {DAD03CFC-D5FA-AC94-41C7-9ABAB326F09E}
	EndGlobalSection
	GlobalSection(ExtensibilityGlobals) = postSolution
		SolutionGuid = {5A8C8EE3-BAE1-4602-B553-CF9B657F594A}
	EndGlobalSection
EndGlobal
